
Microsoft Visual Studio Solution File, Format Version 12.00
# Visual Studio 15
VisualStudioVersion = 15.0.27130.2010
MinimumVisualStudioVersion = 10.0.40219.1
Project("{FAE04EC0-301F-11D3-BF4B-00C04F79EFBC}") = "ArrayExtensions", "ArrayExtensions\ArrayExtensions.csproj", "{5EA82B3D-9795-4C6A-AC6E-1F0BE0ADF299}"
EndProject
Project("{FAE04EC0-301F-11D3-BF4B-00C04F79EFBC}") = "Tests", "Tests\Tests.csproj", "{36EB914B-AB47-44F4-975C-996116CC4E29}"
EndProject
Project("{2150E333-8FDC-42A3-9474-1A3956D46DE8}") = "Solution Items", "Solution Items", "{DD78BE6E-9B49-4DF2-9966-27C020D9EF20}"
	ProjectSection(SolutionItems) = preProject
		.travis.yml = .travis.yml
		README.md = README.md
	EndProjectSection
EndProject
Global
	GlobalSection(SolutionConfigurationPlatforms) = preSolution
		Debug|Any CPU = Debug|Any CPU
		Release|Any CPU = Release|Any CPU
	EndGlobalSection
	GlobalSection(ProjectConfigurationPlatforms) = postSolution
		{5EA82B3D-9795-4C6A-AC6E-1F0BE0ADF299}.Debug|Any CPU.ActiveCfg = Debug|Any CPU
		{5EA82B3D-9795-4C6A-AC6E-1F0BE0ADF299}.Debug|Any CPU.Build.0 = Debug|Any CPU
		{5EA82B3D-9795-4C6A-AC6E-1F0BE0ADF299}.Release|Any CPU.ActiveCfg = Release|Any CPU
		{5EA82B3D-9795-4C6A-AC6E-1F0BE0ADF299}.Release|Any CPU.Build.0 = Release|Any CPU
		{36EB914B-AB47-44F4-975C-996116CC4E29}.Debug|Any CPU.ActiveCfg = Debug|Any CPU
		{36EB914B-AB47-44F4-975C-996116CC4E29}.Debug|Any CPU.Build.0 = Debug|Any CPU
		{36EB914B-AB47-44F4-975C-996116CC4E29}.Release|Any CPU.ActiveCfg = Release|Any CPU
		{36EB914B-AB47-44F4-975C-996116CC4E29}.Release|Any CPU.Build.0 = Release|Any CPU
	EndGlobalSection
	GlobalSection(SolutionProperties) = preSolution
		HideSolutionNode = FALSE
	EndGlobalSection
	GlobalSection(ExtensibilityGlobals) = postSolution
		SolutionGuid = {04E84120-1F01-4693-98F3-98DDE999232D}
	EndGlobalSection
EndGlobal
